// !$*UTF8*$!
{
	archiveVersion = 1;
	classes = {
	};
	objectVersion = 56;
	objects = {

/* Begin PBXBuildFile section */
		7300165C287C196D00B1C95D /* Closures.swift in Sources */ = {isa = PBXBuildFile; fileRef = 7300165B287C196D00B1C95D /* Closures.swift */; };
		730675AF28BF4D5C00D09255 /* AsyncLocalNotifications.swift in Sources */ = {isa = PBXBuildFile; fileRef = 730675AE28BF4D5C00D09255 /* AsyncLocalNotifications.swift */; };
		7307BE7C285CA1A60090E9FA /* Enum Implementation.swift in Sources */ = {isa = PBXBuildFile; fileRef = 7307BE7B285CA1A60090E9FA /* Enum Implementation.swift */; };
		730C43CD289BCCD000036D2D /* NavigationItemLabel.swift in Sources */ = {isa = PBXBuildFile; fileRef = 730C43CC289BCCD000036D2D /* NavigationItemLabel.swift */; };
		7311F833285B24C000EF174E /* OnflowStatusApp.swift in Sources */ = {isa = PBXBuildFile; fileRef = 7311F832285B24C000EF174E /* OnflowStatusApp.swift */; };
		7311F837285B24C400EF174E /* Assets.xcassets in Resources */ = {isa = PBXBuildFile; fileRef = 7311F836285B24C400EF174E /* Assets.xcassets */; };
		7311F843285B261400EF174E /* NavigationTabView.swift in Sources */ = {isa = PBXBuildFile; fileRef = 7311F842285B261400EF174E /* NavigationTabView.swift */; };
		7311F845285B296500EF174E /* SystemView.swift in Sources */ = {isa = PBXBuildFile; fileRef = 7311F844285B296500EF174E /* SystemView.swift */; };
		7332B76D28771718002A19AE /* View.swift in Sources */ = {isa = PBXBuildFile; fileRef = 7332B76C28771718002A19AE /* View.swift */; };
		733BCA0D287AD3D0001C20ED /* SortListButton.swift in Sources */ = {isa = PBXBuildFile; fileRef = 733BCA0C287AD3D0001C20ED /* SortListButton.swift */; };
		733BCA0F287AD470001C20ED /* Color.swift in Sources */ = {isa = PBXBuildFile; fileRef = 733BCA0E287AD470001C20ED /* Color.swift */; };
		73469160287632D3005F2FCF /* AsyncAlertButton.swift in Sources */ = {isa = PBXBuildFile; fileRef = 7346915F287632D3005F2FCF /* AsyncAlertButton.swift */; };
		734EE5802865AA69002D6263 /* String.swift in Sources */ = {isa = PBXBuildFile; fileRef = 734EE57F2865AA69002D6263 /* String.swift */; };
		737334302896B19F002BA3C8 /* Logger.swift in Sources */ = {isa = PBXBuildFile; fileRef = 7373342F2896B19F002BA3C8 /* Logger.swift */; };
		73823998289673BC003F293F /* ContactsProtocol.swift in Sources */ = {isa = PBXBuildFile; fileRef = 73823997289673BC003F293F /* ContactsProtocol.swift */; };
		7393DBA028AEE61200E94950 /* system_status_ru.json in Resources */ = {isa = PBXBuildFile; fileRef = 73E65E16285B33480012AC0F /* system_status_ru.json */; };
		73950ACD2878D0DE00D975E5 /* Array.swift in Sources */ = {isa = PBXBuildFile; fileRef = 73950ACC2878D0DE00D975E5 /* Array.swift */; };
		73A4A1DF286A18A80046499B /* SettingsView.swift in Sources */ = {isa = PBXBuildFile; fileRef = 73A4A1DE286A18A80046499B /* SettingsView.swift */; };
		73C2D84F286EF3B3001899B7 /* Contact Implementation.swift in Sources */ = {isa = PBXBuildFile; fileRef = 73C2D84E286EF3B3001899B7 /* Contact Implementation.swift */; };
		73C7EC9728623494007D94B0 /* LabelStyle.swift in Sources */ = {isa = PBXBuildFile; fileRef = 73C7EC9628623494007D94B0 /* LabelStyle.swift */; };
		73C83BED28894DAC00E46260 /* Localizable.strings in Resources */ = {isa = PBXBuildFile; fileRef = 73C83BEF28894DAC00E46260 /* Localizable.strings */; };
		73CB2113289A844F0081D0E6 /* OnflowNetwork in Frameworks */ = {isa = PBXBuildFile; productRef = 73CB2112289A844F0081D0E6 /* OnflowNetwork */; };
		73CB2117289A86820081D0E6 /* SystemStatusViewModel.swift in Sources */ = {isa = PBXBuildFile; fileRef = 73CB2116289A86820081D0E6 /* SystemStatusViewModel.swift */; };
		73CB211B289AB8630081D0E6 /* DeveloperStatusViewModel.swift in Sources */ = {isa = PBXBuildFile; fileRef = 73CB211A289AB8630081D0E6 /* DeveloperStatusViewModel.swift */; };
		73CEAB7428781BE30099A98D /* Bundle.swift in Sources */ = {isa = PBXBuildFile; fileRef = 73CEAB7328781BE30099A98D /* Bundle.swift */; };
		73D07C15285BA57C00F3B955 /* GenericSheetView.swift in Sources */ = {isa = PBXBuildFile; fileRef = 73D07C14285BA57C00F3B955 /* GenericSheetView.swift */; };
		73D70CFD2862135F00897799 /* DeveloperRow.swift in Sources */ = {isa = PBXBuildFile; fileRef = 73D70CFC2862135F00897799 /* DeveloperRow.swift */; };
		73E65E12285B2FA00012AC0F /* MockDataServices.swift in Sources */ = {isa = PBXBuildFile; fileRef = 73E65E11285B2FA00012AC0F /* MockDataServices.swift */; };
		73E65E15285B30AB0012AC0F /* SystemRow.swift in Sources */ = {isa = PBXBuildFile; fileRef = 73E65E14285B30AB0012AC0F /* SystemRow.swift */; };
		73E6E98B28A271F400659E31 /* NavigationBackport.swift in Sources */ = {isa = PBXBuildFile; fileRef = 733116B12882DC1A00FEA3E9 /* NavigationBackport.swift */; };
		73EF570B289FA4B7000513BC /* SystemStatusViewModel_Test.swift in Sources */ = {isa = PBXBuildFile; fileRef = 73EF570A289FA4B7000513BC /* SystemStatusViewModel_Test.swift */; };
		73F789E128631651002A3BA1 /* DeveloperView.swift in Sources */ = {isa = PBXBuildFile; fileRef = 73F789E028631651002A3BA1 /* DeveloperView.swift */; };
/* End PBXBuildFile section */

/* Begin PBXContainerItemProxy section */
		73EF5705289FA446000513BC /* PBXContainerItemProxy */ = {
			isa = PBXContainerItemProxy;
			containerPortal = 7311F827285B24C000EF174E /* Project object */;
			proxyType = 1;
			remoteGlobalIDString = 7311F82E285B24C000EF174E;
			remoteInfo = "Onflow status";
		};
/* End PBXContainerItemProxy section */

/* Begin PBXFileReference section */
		7300165B287C196D00B1C95D /* Closures.swift */ = {isa = PBXFileReference; lastKnownFileType = sourcecode.swift; path = Closures.swift; sourceTree = "<group>"; };
		730675AE28BF4D5C00D09255 /* AsyncLocalNotifications.swift */ = {isa = PBXFileReference; lastKnownFileType = sourcecode.swift; path = AsyncLocalNotifications.swift; sourceTree = "<group>"; };
		73068E29289D2ED000D7408A /* swift_format.zsh */ = {isa = PBXFileReference; lastKnownFileType = text; path = swift_format.zsh; sourceTree = "<group>"; };
		7307BE7B285CA1A60090E9FA /* Enum Implementation.swift */ = {isa = PBXFileReference; lastKnownFileType = sourcecode.swift; path = "Enum Implementation.swift"; sourceTree = "<group>"; };
		730C43CC289BCCD000036D2D /* NavigationItemLabel.swift */ = {isa = PBXFileReference; lastKnownFileType = sourcecode.swift; path = NavigationItemLabel.swift; sourceTree = "<group>"; };
		7311F82F285B24C000EF174E /* Onflow status.app */ = {isa = PBXFileReference; explicitFileType = wrapper.application; includeInIndex = 0; path = "Onflow status.app"; sourceTree = BUILT_PRODUCTS_DIR; };
		7311F832285B24C000EF174E /* OnflowStatusApp.swift */ = {isa = PBXFileReference; lastKnownFileType = sourcecode.swift; path = OnflowStatusApp.swift; sourceTree = "<group>"; };
		7311F836285B24C400EF174E /* Assets.xcassets */ = {isa = PBXFileReference; lastKnownFileType = folder.assetcatalog; path = Assets.xcassets; sourceTree = "<group>"; };
		7311F839285B24C400EF174E /* Preview Assets.xcassets */ = {isa = PBXFileReference; lastKnownFileType = folder.assetcatalog; path = "Preview Assets.xcassets"; sourceTree = "<group>"; };
		7311F842285B261400EF174E /* NavigationTabView.swift */ = {isa = PBXFileReference; lastKnownFileType = sourcecode.swift; path = NavigationTabView.swift; sourceTree = "<group>"; };
		7311F844285B296500EF174E /* SystemView.swift */ = {isa = PBXFileReference; lastKnownFileType = sourcecode.swift; path = SystemView.swift; sourceTree = "<group>"; };
		733116B12882DC1A00FEA3E9 /* NavigationBackport.swift */ = {isa = PBXFileReference; lastKnownFileType = sourcecode.swift; path = NavigationBackport.swift; sourceTree = "<group>"; };
		7332B76C28771718002A19AE /* View.swift */ = {isa = PBXFileReference; lastKnownFileType = sourcecode.swift; path = View.swift; sourceTree = "<group>"; };
		733BCA0C287AD3D0001C20ED /* SortListButton.swift */ = {isa = PBXFileReference; lastKnownFileType = sourcecode.swift; path = SortListButton.swift; sourceTree = "<group>"; };
		733BCA0E287AD470001C20ED /* Color.swift */ = {isa = PBXFileReference; lastKnownFileType = sourcecode.swift; path = Color.swift; sourceTree = "<group>"; };
		7345EB21287193CE005C5CA9 /* Onflow-status-Info.plist */ = {isa = PBXFileReference; lastKnownFileType = text.plist; path = "Onflow-status-Info.plist"; sourceTree = SOURCE_ROOT; };
		7346915F287632D3005F2FCF /* AsyncAlertButton.swift */ = {isa = PBXFileReference; lastKnownFileType = sourcecode.swift; path = AsyncAlertButton.swift; sourceTree = "<group>"; };
		734C2B7528B12C83008CA680 /* uk */ = {isa = PBXFileReference; lastKnownFileType = text.plist.strings; name = uk; path = uk.lproj/Localizable.strings; sourceTree = "<group>"; };
		734EE57F2865AA69002D6263 /* String.swift */ = {isa = PBXFileReference; lastKnownFileType = sourcecode.swift; path = String.swift; sourceTree = "<group>"; };
		7359EA23287D671900E648DB /* developer_status_en.json */ = {isa = PBXFileReference; fileEncoding = 4; lastKnownFileType = text.json; path = developer_status_en.json; sourceTree = "<group>"; };
		7373342F2896B19F002BA3C8 /* Logger.swift */ = {isa = PBXFileReference; lastKnownFileType = sourcecode.swift; path = Logger.swift; sourceTree = "<group>"; };
		7375FD33289A7A8500624BC8 /* OnflowNetwork */ = {isa = PBXFileReference; lastKnownFileType = wrapper; path = OnflowNetwork; sourceTree = "<group>"; };
		73823997289673BC003F293F /* ContactsProtocol.swift */ = {isa = PBXFileReference; lastKnownFileType = sourcecode.swift; path = ContactsProtocol.swift; sourceTree = "<group>"; };
		73950ACC2878D0DE00D975E5 /* Array.swift */ = {isa = PBXFileReference; lastKnownFileType = sourcecode.swift; path = Array.swift; sourceTree = "<group>"; };
		73A4A1DE286A18A80046499B /* SettingsView.swift */ = {isa = PBXFileReference; lastKnownFileType = sourcecode.swift; path = SettingsView.swift; sourceTree = "<group>"; };
		73C2D84E286EF3B3001899B7 /* Contact Implementation.swift */ = {isa = PBXFileReference; lastKnownFileType = sourcecode.swift; path = "Contact Implementation.swift"; sourceTree = "<group>"; };
		73C7EC9628623494007D94B0 /* LabelStyle.swift */ = {isa = PBXFileReference; lastKnownFileType = sourcecode.swift; path = LabelStyle.swift; sourceTree = "<group>"; };
		73C83BEE28894DAC00E46260 /* en */ = {isa = PBXFileReference; lastKnownFileType = text.plist.strings; name = en; path = en.lproj/Localizable.strings; sourceTree = "<group>"; };
		73C83BF028894DB000E46260 /* ru */ = {isa = PBXFileReference; lastKnownFileType = text.plist.strings; name = ru; path = ru.lproj/Localizable.strings; sourceTree = "<group>"; };
		73CB2116289A86820081D0E6 /* SystemStatusViewModel.swift */ = {isa = PBXFileReference; lastKnownFileType = sourcecode.swift; path = SystemStatusViewModel.swift; sourceTree = "<group>"; };
		73CB211A289AB8630081D0E6 /* DeveloperStatusViewModel.swift */ = {isa = PBXFileReference; lastKnownFileType = sourcecode.swift; path = DeveloperStatusViewModel.swift; sourceTree = "<group>"; };
		73CEAB7328781BE30099A98D /* Bundle.swift */ = {isa = PBXFileReference; fileEncoding = 4; lastKnownFileType = sourcecode.swift; path = Bundle.swift; sourceTree = "<group>"; };
		73D07C14285BA57C00F3B955 /* GenericSheetView.swift */ = {isa = PBXFileReference; lastKnownFileType = sourcecode.swift; path = GenericSheetView.swift; sourceTree = "<group>"; };
		73D70CFC2862135F00897799 /* DeveloperRow.swift */ = {isa = PBXFileReference; lastKnownFileType = sourcecode.swift; path = DeveloperRow.swift; sourceTree = "<group>"; };
		73E65E11285B2FA00012AC0F /* MockDataServices.swift */ = {isa = PBXFileReference; lastKnownFileType = sourcecode.swift; path = MockDataServices.swift; sourceTree = "<group>"; };
		73E65E14285B30AB0012AC0F /* SystemRow.swift */ = {isa = PBXFileReference; lastKnownFileType = sourcecode.swift; path = SystemRow.swift; sourceTree = "<group>"; };
		73E65E16285B33480012AC0F /* system_status_ru.json */ = {isa = PBXFileReference; fileEncoding = 4; lastKnownFileType = text.json; path = system_status_ru.json; sourceTree = "<group>"; };
		73EF5701289FA446000513BC /* Onflow status Unit Tests.xctest */ = {isa = PBXFileReference; explicitFileType = wrapper.cfbundle; includeInIndex = 0; path = "Onflow status Unit Tests.xctest"; sourceTree = BUILT_PRODUCTS_DIR; };
		73EF570A289FA4B7000513BC /* SystemStatusViewModel_Test.swift */ = {isa = PBXFileReference; lastKnownFileType = sourcecode.swift; path = SystemStatusViewModel_Test.swift; sourceTree = "<group>"; };
		73F789E028631651002A3BA1 /* DeveloperView.swift */ = {isa = PBXFileReference; lastKnownFileType = sourcecode.swift; path = DeveloperView.swift; sourceTree = "<group>"; };
/* End PBXFileReference section */

/* Begin PBXFrameworksBuildPhase section */
		7311F82C285B24C000EF174E /* Frameworks */ = {
			isa = PBXFrameworksBuildPhase;
			buildActionMask = 2147483647;
			files = (
				73CB2113289A844F0081D0E6 /* OnflowNetwork in Frameworks */,
			);
			runOnlyForDeploymentPostprocessing = 0;
		};
		73EF56FE289FA446000513BC /* Frameworks */ = {
			isa = PBXFrameworksBuildPhase;
			buildActionMask = 2147483647;
			files = (
			);
			runOnlyForDeploymentPostprocessing = 0;
		};
/* End PBXFrameworksBuildPhase section */

/* Begin PBXGroup section */
		730675AD28BF4D4700D09255 /* AsyncLocalNotifications */ = {
			isa = PBXGroup;
			children = (
				730675AE28BF4D5C00D09255 /* AsyncLocalNotifications.swift */,
			);
			path = AsyncLocalNotifications;
			sourceTree = "<group>";
		};
		730F9F12289A7409006B1B6A /* Packages */ = {
			isa = PBXGroup;
			children = (
				7375FD33289A7A8500624BC8 /* OnflowNetwork */,
			);
			path = Packages;
			sourceTree = "<group>";
		};
		7311F826285B24C000EF174E = {
			isa = PBXGroup;
			children = (
				73068E29289D2ED000D7408A /* swift_format.zsh */,
				7311F831285B24C000EF174E /* Onflow status */,
				73EF5702289FA446000513BC /* Onflow status Unit Tests */,
				7311F830285B24C000EF174E /* Products */,
			);
			sourceTree = "<group>";
		};
		7311F830285B24C000EF174E /* Products */ = {
			isa = PBXGroup;
			children = (
				7311F82F285B24C000EF174E /* Onflow status.app */,
				73EF5701289FA446000513BC /* Onflow status Unit Tests.xctest */,
			);
			name = Products;
			sourceTree = "<group>";
		};
		7311F831285B24C000EF174E /* Onflow status */ = {
			isa = PBXGroup;
			children = (
				7345EB21287193CE005C5CA9 /* Onflow-status-Info.plist */,
				7311F832285B24C000EF174E /* OnflowStatusApp.swift */,
				7311F836285B24C400EF174E /* Assets.xcassets */,
				733116B02882DBFD00FEA3E9 /* Backport */,
				73C7EC9528623460007D94B0 /* Extensions */,
				73C83BEF28894DAC00E46260 /* Localizable.strings */,
				730675AD28BF4D4700D09255 /* AsyncLocalNotifications */,
				730F9F12289A7409006B1B6A /* Packages */,
				7311F838285B24C400EF174E /* Preview Content */,
				738239962896735C003F293F /* Protocols */,
				73E65E13285B30800012AC0F /* UI */,
				7311F847285B2CF100EF174E /* ViewModel */,
			);
			path = "Onflow status";
			sourceTree = "<group>";
		};
		7311F838285B24C400EF174E /* Preview Content */ = {
			isa = PBXGroup;
			children = (
				7359EA23287D671900E648DB /* developer_status_en.json */,
				73E65E16285B33480012AC0F /* system_status_ru.json */,
				7311F839285B24C400EF174E /* Preview Assets.xcassets */,
			);
			path = "Preview Content";
			sourceTree = "<group>";
		};
		7311F847285B2CF100EF174E /* ViewModel */ = {
			isa = PBXGroup;
			children = (
				73E65E11285B2FA00012AC0F /* MockDataServices.swift */,
				73CB2116289A86820081D0E6 /* SystemStatusViewModel.swift */,
				73CB211A289AB8630081D0E6 /* DeveloperStatusViewModel.swift */,
			);
			path = ViewModel;
			sourceTree = "<group>";
		};
		733116B02882DBFD00FEA3E9 /* Backport */ = {
			isa = PBXGroup;
			children = (
				733116B12882DC1A00FEA3E9 /* NavigationBackport.swift */,
			);
			path = Backport;
			sourceTree = "<group>";
		};
		733BCA0B287AD3A3001C20ED /* Components */ = {
			isa = PBXGroup;
			children = (
				73D07C14285BA57C00F3B955 /* GenericSheetView.swift */,
				7346915F287632D3005F2FCF /* AsyncAlertButton.swift */,
				733BCA0C287AD3D0001C20ED /* SortListButton.swift */,
				730C43CC289BCCD000036D2D /* NavigationItemLabel.swift */,
			);
			path = Components;
			sourceTree = "<group>";
		};
		734B76A2286493A40058BE97 /* System */ = {
			isa = PBXGroup;
			children = (
				73E65E14285B30AB0012AC0F /* SystemRow.swift */,
				7311F844285B296500EF174E /* SystemView.swift */,
			);
			path = System;
			sourceTree = "<group>";
		};
		738239962896735C003F293F /* Protocols */ = {
			isa = PBXGroup;
			children = (
				73C2D84E286EF3B3001899B7 /* Contact Implementation.swift */,
				7307BE7B285CA1A60090E9FA /* Enum Implementation.swift */,
				73823997289673BC003F293F /* ContactsProtocol.swift */,
			);
			path = Protocols;
			sourceTree = "<group>";
		};
		73C7EC9528623460007D94B0 /* Extensions */ = {
			isa = PBXGroup;
			children = (
				73CEAB7328781BE30099A98D /* Bundle.swift */,
				73C7EC9628623494007D94B0 /* LabelStyle.swift */,
				734EE57F2865AA69002D6263 /* String.swift */,
				7332B76C28771718002A19AE /* View.swift */,
				73950ACC2878D0DE00D975E5 /* Array.swift */,
				733BCA0E287AD470001C20ED /* Color.swift */,
				7300165B287C196D00B1C95D /* Closures.swift */,
				7373342F2896B19F002BA3C8 /* Logger.swift */,
			);
			path = Extensions;
			sourceTree = "<group>";
		};
		73D70CFB2862133E00897799 /* Developer */ = {
			isa = PBXGroup;
			children = (
				73D70CFC2862135F00897799 /* DeveloperRow.swift */,
				73F789E028631651002A3BA1 /* DeveloperView.swift */,
			);
			path = Developer;
			sourceTree = "<group>";
		};
		73E65E13285B30800012AC0F /* UI */ = {
			isa = PBXGroup;
			children = (
				7311F842285B261400EF174E /* NavigationTabView.swift */,
				73A4A1DE286A18A80046499B /* SettingsView.swift */,
				733BCA0B287AD3A3001C20ED /* Components */,
				73D70CFB2862133E00897799 /* Developer */,
				734B76A2286493A40058BE97 /* System */,
			);
			path = UI;
			sourceTree = "<group>";
		};
		73EF5702289FA446000513BC /* Onflow status Unit Tests */ = {
			isa = PBXGroup;
			children = (
				73EF570A289FA4B7000513BC /* SystemStatusViewModel_Test.swift */,
			);
			path = "Onflow status Unit Tests";
			sourceTree = "<group>";
		};
/* End PBXGroup section */

/* Begin PBXNativeTarget section */
		7311F82E285B24C000EF174E /* Onflow status */ = {
			isa = PBXNativeTarget;
			buildConfigurationList = 7311F83D285B24C400EF174E /* Build configuration list for PBXNativeTarget "Onflow status" */;
			buildPhases = (
				7311F82B285B24C000EF174E /* Sources */,
				7311F82C285B24C000EF174E /* Frameworks */,
				7311F82D285B24C000EF174E /* Resources */,
				73068E28289D2A9400D7408A /* Swift format */,
			);
			buildRules = (
			);
			dependencies = (
			);
			name = "Onflow status";
			packageProductDependencies = (
				73CB2112289A844F0081D0E6 /* OnflowNetwork */,
			);
			productName = "Onflow status";
			productReference = 7311F82F285B24C000EF174E /* Onflow status.app */;
			productType = "com.apple.product-type.application";
		};
		73EF5700289FA446000513BC /* Onflow status Unit Tests */ = {
			isa = PBXNativeTarget;
			buildConfigurationList = 73EF5707289FA446000513BC /* Build configuration list for PBXNativeTarget "Onflow status Unit Tests" */;
			buildPhases = (
				73EF56FD289FA446000513BC /* Sources */,
				73EF56FE289FA446000513BC /* Frameworks */,
				73EF56FF289FA446000513BC /* Resources */,
			);
			buildRules = (
			);
			dependencies = (
				73EF5706289FA446000513BC /* PBXTargetDependency */,
			);
			name = "Onflow status Unit Tests";
			productName = "Onflow status Unit Tests";
			productReference = 73EF5701289FA446000513BC /* Onflow status Unit Tests.xctest */;
			productType = "com.apple.product-type.bundle.unit-test";
		};
/* End PBXNativeTarget section */

/* Begin PBXProject section */
		7311F827285B24C000EF174E /* Project object */ = {
			isa = PBXProject;
			attributes = {
				BuildIndependentTargetsInParallel = 1;
				LastSwiftUpdateCheck = 1400;
				LastUpgradeCheck = 1400;
				TargetAttributes = {
					7311F82E285B24C000EF174E = {
						CreatedOnToolsVersion = 14.0;
					};
					73EF5700289FA446000513BC = {
						CreatedOnToolsVersion = 14.0;
						TestTargetID = 7311F82E285B24C000EF174E;
					};
				};
			};
			buildConfigurationList = 7311F82A285B24C000EF174E /* Build configuration list for PBXProject "Onflow status" */;
			compatibilityVersion = "Xcode 14.0";
			developmentRegion = en;
			hasScannedForEncodings = 0;
			knownRegions = (
				en,
				ru,
				uk,
			);
			mainGroup = 7311F826285B24C000EF174E;
			packageReferences = (
			);
			productRefGroup = 7311F830285B24C000EF174E /* Products */;
			projectDirPath = "";
			projectRoot = "";
			targets = (
				7311F82E285B24C000EF174E /* Onflow status */,
				73EF5700289FA446000513BC /* Onflow status Unit Tests */,
			);
		};
/* End PBXProject section */

/* Begin PBXResourcesBuildPhase section */
		7311F82D285B24C000EF174E /* Resources */ = {
			isa = PBXResourcesBuildPhase;
			buildActionMask = 2147483647;
			files = (
				7393DBA028AEE61200E94950 /* system_status_ru.json in Resources */,
				73C83BED28894DAC00E46260 /* Localizable.strings in Resources */,
				7311F837285B24C400EF174E /* Assets.xcassets in Resources */,
			);
			runOnlyForDeploymentPostprocessing = 0;
		};
		73EF56FF289FA446000513BC /* Resources */ = {
			isa = PBXResourcesBuildPhase;
			buildActionMask = 2147483647;
			files = (
			);
			runOnlyForDeploymentPostprocessing = 0;
		};
/* End PBXResourcesBuildPhase section */

/* Begin PBXShellScriptBuildPhase section */
		73068E28289D2A9400D7408A /* Swift format */ = {
			isa = PBXShellScriptBuildPhase;
			alwaysOutOfDate = 1;
			buildActionMask = 2147483647;
			files = (
			);
			inputFileListPaths = (
			);
			inputPaths = (
			);
			name = "Swift format";
			outputFileListPaths = (
			);
			outputPaths = (
			);
			runOnlyForDeploymentPostprocessing = 0;
			shellPath = "#!/bin/zsh";
			shellScript = "zsh swift_format.zsh\n";
		};
/* End PBXShellScriptBuildPhase section */

/* Begin PBXSourcesBuildPhase section */
		7311F82B285B24C000EF174E /* Sources */ = {
			isa = PBXSourcesBuildPhase;
			buildActionMask = 2147483647;
			files = (
				73E6E98B28A271F400659E31 /* NavigationBackport.swift in Sources */,
				73C2D84F286EF3B3001899B7 /* Contact Implementation.swift in Sources */,
				73A4A1DF286A18A80046499B /* SettingsView.swift in Sources */,
				730675AF28BF4D5C00D09255 /* AsyncLocalNotifications.swift in Sources */,
				7300165C287C196D00B1C95D /* Closures.swift in Sources */,
				73E65E12285B2FA00012AC0F /* MockDataServices.swift in Sources */,
				7307BE7C285CA1A60090E9FA /* Enum Implementation.swift in Sources */,
				73823998289673BC003F293F /* ContactsProtocol.swift in Sources */,
				73D70CFD2862135F00897799 /* DeveloperRow.swift in Sources */,
				737334302896B19F002BA3C8 /* Logger.swift in Sources */,
				7311F845285B296500EF174E /* SystemView.swift in Sources */,
				73C7EC9728623494007D94B0 /* LabelStyle.swift in Sources */,
				73CB211B289AB8630081D0E6 /* DeveloperStatusViewModel.swift in Sources */,
				733BCA0F287AD470001C20ED /* Color.swift in Sources */,
				73469160287632D3005F2FCF /* AsyncAlertButton.swift in Sources */,
				73D07C15285BA57C00F3B955 /* GenericSheetView.swift in Sources */,
				730C43CD289BCCD000036D2D /* NavigationItemLabel.swift in Sources */,
				7311F843285B261400EF174E /* NavigationTabView.swift in Sources */,
				73CB2117289A86820081D0E6 /* SystemStatusViewModel.swift in Sources */,
				73E65E15285B30AB0012AC0F /* SystemRow.swift in Sources */,
				7311F833285B24C000EF174E /* OnflowStatusApp.swift in Sources */,
				73CEAB7428781BE30099A98D /* Bundle.swift in Sources */,
				73950ACD2878D0DE00D975E5 /* Array.swift in Sources */,
				7332B76D28771718002A19AE /* View.swift in Sources */,
				734EE5802865AA69002D6263 /* String.swift in Sources */,
				733BCA0D287AD3D0001C20ED /* SortListButton.swift in Sources */,
				73F789E128631651002A3BA1 /* DeveloperView.swift in Sources */,
			);
			runOnlyForDeploymentPostprocessing = 0;
		};
		73EF56FD289FA446000513BC /* Sources */ = {
			isa = PBXSourcesBuildPhase;
			buildActionMask = 2147483647;
			files = (
				73EF570B289FA4B7000513BC /* SystemStatusViewModel_Test.swift in Sources */,
			);
			runOnlyForDeploymentPostprocessing = 0;
		};
/* End PBXSourcesBuildPhase section */

/* Begin PBXTargetDependency section */
		73EF5706289FA446000513BC /* PBXTargetDependency */ = {
			isa = PBXTargetDependency;
			target = 7311F82E285B24C000EF174E /* Onflow status */;
			targetProxy = 73EF5705289FA446000513BC /* PBXContainerItemProxy */;
		};
/* End PBXTargetDependency section */

/* Begin PBXVariantGroup section */
		73C83BEF28894DAC00E46260 /* Localizable.strings */ = {
			isa = PBXVariantGroup;
			children = (
				73C83BEE28894DAC00E46260 /* en */,
				73C83BF028894DB000E46260 /* ru */,
				734C2B7528B12C83008CA680 /* uk */,
			);
			name = Localizable.strings;
			sourceTree = "<group>";
		};
/* End PBXVariantGroup section */

/* Begin XCBuildConfiguration section */
		7311F83B285B24C400EF174E /* Debug */ = {
			isa = XCBuildConfiguration;
			buildSettings = {
				ALWAYS_SEARCH_USER_PATHS = NO;
				CLANG_ANALYZER_NONNULL = YES;
				CLANG_ANALYZER_NUMBER_OBJECT_CONVERSION = YES_AGGRESSIVE;
				CLANG_CXX_LANGUAGE_STANDARD = "gnu++17";
				CLANG_ENABLE_MODULES = YES;
				CLANG_ENABLE_OBJC_ARC = YES;
				CLANG_ENABLE_OBJC_WEAK = YES;
				CLANG_WARN_BLOCK_CAPTURE_AUTORELEASING = YES;
				CLANG_WARN_BOOL_CONVERSION = YES;
				CLANG_WARN_COMMA = YES;
				CLANG_WARN_CONSTANT_CONVERSION = YES;
				CLANG_WARN_DEPRECATED_OBJC_IMPLEMENTATIONS = YES;
				CLANG_WARN_DIRECT_OBJC_ISA_USAGE = YES_ERROR;
				CLANG_WARN_DOCUMENTATION_COMMENTS = YES;
				CLANG_WARN_EMPTY_BODY = YES;
				CLANG_WARN_ENUM_CONVERSION = YES;
				CLANG_WARN_INFINITE_RECURSION = YES;
				CLANG_WARN_INT_CONVERSION = YES;
				CLANG_WARN_NON_LITERAL_NULL_CONVERSION = YES;
				CLANG_WARN_OBJC_IMPLICIT_RETAIN_SELF = YES;
				CLANG_WARN_OBJC_LITERAL_CONVERSION = YES;
				CLANG_WARN_OBJC_ROOT_CLASS = YES_ERROR;
				CLANG_WARN_QUOTED_INCLUDE_IN_FRAMEWORK_HEADER = YES;
				CLANG_WARN_RANGE_LOOP_ANALYSIS = YES;
				CLANG_WARN_STRICT_PROTOTYPES = YES;
				CLANG_WARN_SUSPICIOUS_MOVE = YES;
				CLANG_WARN_UNGUARDED_AVAILABILITY = YES_AGGRESSIVE;
				CLANG_WARN_UNREACHABLE_CODE = YES;
				CLANG_WARN__DUPLICATE_METHOD_MATCH = YES;
				COPY_PHASE_STRIP = NO;
				DEBUG_INFORMATION_FORMAT = dwarf;
				ENABLE_STRICT_OBJC_MSGSEND = YES;
				ENABLE_TESTABILITY = YES;
				GCC_C_LANGUAGE_STANDARD = gnu11;
				GCC_DYNAMIC_NO_PIC = NO;
				GCC_NO_COMMON_BLOCKS = YES;
				GCC_OPTIMIZATION_LEVEL = 0;
				GCC_PREPROCESSOR_DEFINITIONS = (
					"DEBUG=1",
					"$(inherited)",
				);
				GCC_WARN_64_TO_32_BIT_CONVERSION = YES;
				GCC_WARN_ABOUT_RETURN_TYPE = YES_ERROR;
				GCC_WARN_UNDECLARED_SELECTOR = YES;
				GCC_WARN_UNINITIALIZED_AUTOS = YES_AGGRESSIVE;
				GCC_WARN_UNUSED_FUNCTION = YES;
				GCC_WARN_UNUSED_VARIABLE = YES;
				IPHONEOS_DEPLOYMENT_TARGET = 16.0;
				MTL_ENABLE_DEBUG_INFO = INCLUDE_SOURCE;
				MTL_FAST_MATH = YES;
				ONLY_ACTIVE_ARCH = YES;
				SDKROOT = iphoneos;
				SWIFT_ACTIVE_COMPILATION_CONDITIONS = DEBUG;
				SWIFT_OPTIMIZATION_LEVEL = "-Onone";
				SWIFT_STRICT_CONCURRENCY = complete;
			};
			name = Debug;
		};
		7311F83C285B24C400EF174E /* Release */ = {
			isa = XCBuildConfiguration;
			buildSettings = {
				ALWAYS_SEARCH_USER_PATHS = NO;
				CLANG_ANALYZER_NONNULL = YES;
				CLANG_ANALYZER_NUMBER_OBJECT_CONVERSION = YES_AGGRESSIVE;
				CLANG_CXX_LANGUAGE_STANDARD = "gnu++17";
				CLANG_ENABLE_MODULES = YES;
				CLANG_ENABLE_OBJC_ARC = YES;
				CLANG_ENABLE_OBJC_WEAK = YES;
				CLANG_WARN_BLOCK_CAPTURE_AUTORELEASING = YES;
				CLANG_WARN_BOOL_CONVERSION = YES;
				CLANG_WARN_COMMA = YES;
				CLANG_WARN_CONSTANT_CONVERSION = YES;
				CLANG_WARN_DEPRECATED_OBJC_IMPLEMENTATIONS = YES;
				CLANG_WARN_DIRECT_OBJC_ISA_USAGE = YES_ERROR;
				CLANG_WARN_DOCUMENTATION_COMMENTS = YES;
				CLANG_WARN_EMPTY_BODY = YES;
				CLANG_WARN_ENUM_CONVERSION = YES;
				CLANG_WARN_INFINITE_RECURSION = YES;
				CLANG_WARN_INT_CONVERSION = YES;
				CLANG_WARN_NON_LITERAL_NULL_CONVERSION = YES;
				CLANG_WARN_OBJC_IMPLICIT_RETAIN_SELF = YES;
				CLANG_WARN_OBJC_LITERAL_CONVERSION = YES;
				CLANG_WARN_OBJC_ROOT_CLASS = YES_ERROR;
				CLANG_WARN_QUOTED_INCLUDE_IN_FRAMEWORK_HEADER = YES;
				CLANG_WARN_RANGE_LOOP_ANALYSIS = YES;
				CLANG_WARN_STRICT_PROTOTYPES = YES;
				CLANG_WARN_SUSPICIOUS_MOVE = YES;
				CLANG_WARN_UNGUARDED_AVAILABILITY = YES_AGGRESSIVE;
				CLANG_WARN_UNREACHABLE_CODE = YES;
				CLANG_WARN__DUPLICATE_METHOD_MATCH = YES;
				COPY_PHASE_STRIP = NO;
				DEBUG_INFORMATION_FORMAT = "dwarf-with-dsym";
				ENABLE_NS_ASSERTIONS = NO;
				ENABLE_STRICT_OBJC_MSGSEND = YES;
				GCC_C_LANGUAGE_STANDARD = gnu11;
				GCC_NO_COMMON_BLOCKS = YES;
				GCC_WARN_64_TO_32_BIT_CONVERSION = YES;
				GCC_WARN_ABOUT_RETURN_TYPE = YES_ERROR;
				GCC_WARN_UNDECLARED_SELECTOR = YES;
				GCC_WARN_UNINITIALIZED_AUTOS = YES_AGGRESSIVE;
				GCC_WARN_UNUSED_FUNCTION = YES;
				GCC_WARN_UNUSED_VARIABLE = YES;
				IPHONEOS_DEPLOYMENT_TARGET = 16.0;
				MTL_ENABLE_DEBUG_INFO = NO;
				MTL_FAST_MATH = YES;
				SDKROOT = iphoneos;
				SWIFT_COMPILATION_MODE = wholemodule;
				SWIFT_OPTIMIZATION_LEVEL = "-O";
				SWIFT_STRICT_CONCURRENCY = complete;
				VALIDATE_PRODUCT = YES;
			};
			name = Release;
		};
		7311F83E285B24C400EF174E /* Debug */ = {
			isa = XCBuildConfiguration;
			buildSettings = {
				ASSETCATALOG_COMPILER_APPICON_NAME = Default;
				ASSETCATALOG_COMPILER_GLOBAL_ACCENT_COLOR_NAME = AccentColor;
				ASSETCATALOG_COMPILER_INCLUDE_ALL_APPICON_ASSETS = YES;
				CODE_SIGN_IDENTITY = "Apple Development";
				CODE_SIGN_STYLE = Automatic;
				CURRENT_PROJECT_VERSION = 2;
				DEVELOPMENT_ASSET_PATHS = "Onflow\\ status/Preview\\ Content";
				DEVELOPMENT_TEAM = 4K8HNGCPFU;
				ENABLE_PREVIEWS = YES;
				GENERATE_INFOPLIST_FILE = YES;
				INFOPLIST_FILE = "Onflow-status-Info.plist";
				INFOPLIST_KEY_CFBundleDisplayName = "Onflow status";
				INFOPLIST_KEY_LSApplicationCategoryType = "public.app-category.utilities";
				INFOPLIST_KEY_UIApplicationSceneManifest_Generation = YES;
				INFOPLIST_KEY_UIApplicationSupportsIndirectInputEvents = YES;
				INFOPLIST_KEY_UISupportedInterfaceOrientations = UIInterfaceOrientationPortrait;
				INFOPLIST_KEY_UISupportedInterfaceOrientations_iPad = "UIInterfaceOrientationLandscapeLeft UIInterfaceOrientationLandscapeRight UIInterfaceOrientationPortraitUpsideDown";
				IPHONEOS_DEPLOYMENT_TARGET = 16.0;
				LD_RUNPATH_SEARCH_PATHS = (
					"$(inherited)",
					"@executable_path/Frameworks",
				);
				MARKETING_VERSION = 0.0.7;
				PRODUCT_BUNDLE_IDENTIFIER = "ca.rossik.onflow-status";
				PRODUCT_NAME = "$(TARGET_NAME)";
				PROVISIONING_PROFILE_SPECIFIER = "";
				SUPPORTED_PLATFORMS = "iphoneos iphonesimulator";
				SUPPORTS_MACCATALYST = NO;
				SUPPORTS_MAC_DESIGNED_FOR_IPHONE_IPAD = NO;
				SWIFT_EMIT_LOC_STRINGS = YES;
				SWIFT_VERSION = 5.0;
				TARGETED_DEVICE_FAMILY = 1;
			};
			name = Debug;
		};
		7311F83F285B24C400EF174E /* Release */ = {
			isa = XCBuildConfiguration;
			buildSettings = {
				ASSETCATALOG_COMPILER_APPICON_NAME = Default;
				ASSETCATALOG_COMPILER_GLOBAL_ACCENT_COLOR_NAME = AccentColor;
				ASSETCATALOG_COMPILER_INCLUDE_ALL_APPICON_ASSETS = YES;
				CODE_SIGN_IDENTITY = "Apple Development";
				CODE_SIGN_STYLE = Automatic;
				CURRENT_PROJECT_VERSION = 2;
				DEVELOPMENT_ASSET_PATHS = "Onflow\\ status/Preview\\ Content";
				DEVELOPMENT_TEAM = 4K8HNGCPFU;
				ENABLE_PREVIEWS = YES;
				GENERATE_INFOPLIST_FILE = YES;
				INFOPLIST_FILE = "Onflow-status-Info.plist";
				INFOPLIST_KEY_CFBundleDisplayName = "Onflow status";
				INFOPLIST_KEY_LSApplicationCategoryType = "public.app-category.utilities";
				INFOPLIST_KEY_UIApplicationSceneManifest_Generation = YES;
				INFOPLIST_KEY_UIApplicationSupportsIndirectInputEvents = YES;
				INFOPLIST_KEY_UISupportedInterfaceOrientations = UIInterfaceOrientationPortrait;
				INFOPLIST_KEY_UISupportedInterfaceOrientations_iPad = "UIInterfaceOrientationLandscapeLeft UIInterfaceOrientationLandscapeRight UIInterfaceOrientationPortraitUpsideDown";
				IPHONEOS_DEPLOYMENT_TARGET = 16.0;
				LD_RUNPATH_SEARCH_PATHS = (
					"$(inherited)",
					"@executable_path/Frameworks",
				);
				MARKETING_VERSION = 0.0.7;
				PRODUCT_BUNDLE_IDENTIFIER = "ca.rossik.onflow-status";
				PRODUCT_NAME = "$(TARGET_NAME)";
				PROVISIONING_PROFILE_SPECIFIER = "";
				SUPPORTED_PLATFORMS = "iphoneos iphonesimulator";
				SUPPORTS_MACCATALYST = NO;
				SUPPORTS_MAC_DESIGNED_FOR_IPHONE_IPAD = NO;
				SWIFT_EMIT_LOC_STRINGS = YES;
				SWIFT_VERSION = 5.0;
				TARGETED_DEVICE_FAMILY = 1;
			};
			name = Release;
		};
		73EF5708289FA446000513BC /* Debug */ = {
			isa = XCBuildConfiguration;
			buildSettings = {
				ASSETCATALOG_COMPILER_APPICON_NAME = Default;
				BUNDLE_LOADER = "$(TEST_HOST)";
				CLANG_CXX_LANGUAGE_STANDARD = "gnu++20";
				CODE_SIGN_STYLE = Automatic;
				CURRENT_PROJECT_VERSION = 7;
				DEVELOPMENT_TEAM = 4K8HNGCPFU;
				GENERATE_INFOPLIST_FILE = YES;
				INFOPLIST_KEY_CFBundleDisplayName = "Onflow status";
				MARKETING_VERSION = 0.0.6;
				PRODUCT_BUNDLE_IDENTIFIER = "ca.rossik.Onflow-status-Unit-Tests";
				PRODUCT_NAME = "$(TARGET_NAME)";
				SUPPORTED_PLATFORMS = "iphoneos iphonesimulator";
				SUPPORTS_MACCATALYST = NO;
				SUPPORTS_MAC_DESIGNED_FOR_IPHONE_IPAD = NO;
				SWIFT_EMIT_LOC_STRINGS = NO;
				SWIFT_VERSION = 5.0;
				TARGETED_DEVICE_FAMILY = 1;
				TEST_HOST = "$(BUILT_PRODUCTS_DIR)/Onflow status.app/$(BUNDLE_EXECUTABLE_FOLDER_PATH)/Onflow status";
			};
			name = Debug;
		};
		73EF5709289FA446000513BC /* Release */ = {
			isa = XCBuildConfiguration;
			buildSettings = {
				ASSETCATALOG_COMPILER_APPICON_NAME = Default;
				BUNDLE_LOADER = "$(TEST_HOST)";
				CLANG_CXX_LANGUAGE_STANDARD = "gnu++20";
				CODE_SIGN_STYLE = Automatic;
				CURRENT_PROJECT_VERSION = 7;
				DEVELOPMENT_TEAM = 4K8HNGCPFU;
				GENERATE_INFOPLIST_FILE = YES;
				INFOPLIST_KEY_CFBundleDisplayName = "Onflow status";
				MARKETING_VERSION = 0.0.6;
				PRODUCT_BUNDLE_IDENTIFIER = "ca.rossik.Onflow-status-Unit-Tests";
				PRODUCT_NAME = "$(TARGET_NAME)";
				SUPPORTED_PLATFORMS = "iphoneos iphonesimulator";
				SUPPORTS_MACCATALYST = NO;
				SUPPORTS_MAC_DESIGNED_FOR_IPHONE_IPAD = NO;
				SWIFT_EMIT_LOC_STRINGS = NO;
				SWIFT_VERSION = 5.0;
				TARGETED_DEVICE_FAMILY = 1;
				TEST_HOST = "$(BUILT_PRODUCTS_DIR)/Onflow status.app/$(BUNDLE_EXECUTABLE_FOLDER_PATH)/Onflow status";
			};
			name = Release;
		};
/* End XCBuildConfiguration section */

/* Begin XCConfigurationList section */
		7311F82A285B24C000EF174E /* Build configuration list for PBXProject "Onflow status" */ = {
			isa = XCConfigurationList;
			buildConfigurations = (
				7311F83B285B24C400EF174E /* Debug */,
				7311F83C285B24C400EF174E /* Release */,
			);
			defaultConfigurationIsVisible = 0;
			defaultConfigurationName = Release;
		};
		7311F83D285B24C400EF174E /* Build configuration list for PBXNativeTarget "Onflow status" */ = {
			isa = XCConfigurationList;
			buildConfigurations = (
				7311F83E285B24C400EF174E /* Debug */,
				7311F83F285B24C400EF174E /* Release */,
			);
			defaultConfigurationIsVisible = 0;
			defaultConfigurationName = Release;
		};
		73EF5707289FA446000513BC /* Build configuration list for PBXNativeTarget "Onflow status Unit Tests" */ = {
			isa = XCConfigurationList;
			buildConfigurations = (
				73EF5708289FA446000513BC /* Debug */,
				73EF5709289FA446000513BC /* Release */,
			);
			defaultConfigurationIsVisible = 0;
			defaultConfigurationName = Release;
		};
/* End XCConfigurationList section */

/* Begin XCSwiftPackageProductDependency section */
		73CB2112289A844F0081D0E6 /* OnflowNetwork */ = {
			isa = XCSwiftPackageProductDependency;
			productName = OnflowNetwork;
		};
/* End XCSwiftPackageProductDependency section */
	};
	rootObject = 7311F827285B24C000EF174E /* Project object */;
}
